
Microsoft Visual Studio Solution File, Format Version 12.00
# Visual Studio Version 17
VisualStudioVersion = 17.9.34607.119
MinimumVisualStudioVersion = 10.0.40219.1
Project("{FAE04EC0-301F-11D3-BF4B-00C04F79EFBC}") = "ApiStudyHome", "ApiStudyHome\ApiStudyHome.csproj", "{C88363B8-156C-4F29-85E3-E1044BB2BEA8}"
EndProject
Global
	GlobalSection(SolutionConfigurationPlatforms) = preSolution
		Debug|Any CPU = Debug|Any CPU
		Release|Any CPU = Release|Any CPU
	EndGlobalSection
	GlobalSection(ProjectConfigurationPlatforms) = postSolution
		{C88363B8-156C-4F29-85E3-E1044BB2BEA8}.Debug|Any CPU.ActiveCfg = Debug|Any CPU
		{C88363B8-156C-4F29-85E3-E1044BB2BEA8}.Debug|Any CPU.Build.0 = Debug|Any CPU
		{C88363B8-156C-4F29-85E3-E1044BB2BEA8}.Release|Any CPU.ActiveCfg = Release|Any CPU
		{C88363B8-156C-4F29-85E3-E1044BB2BEA8}.Release|Any CPU.Build.0 = Release|Any CPU
	EndGlobalSection
	GlobalSection(SolutionProperties) = preSolution
		HideSolutionNode = FALSE
	EndGlobalSection
	GlobalSection(ExtensibilityGlobals) = postSolution
		SolutionGuid = {3A3FE2A6-44E6-4D5A-8037-BD11D60DE1D5}
	EndGlobalSection
EndGlobal
